// !$*UTF8*$!
{
	archiveVersion = 1;
	classes = {
	};
	objectVersion = 52;
	objects = {

/* Begin PBXBuildFile section */
		9324994125BB84AF007C55C5 /* AudioKit.xcframework in Frameworks */ = {isa = PBXBuildFile; fileRef = 9324993F25BB84AF007C55C5 /* AudioKit.xcframework */; };
		9324994225BB84AF007C55C5 /* AudioKit.xcframework in Embed Frameworks */ = {isa = PBXBuildFile; fileRef = 9324993F25BB84AF007C55C5 /* AudioKit.xcframework */; settings = {ATTRIBUTES = (CodeSignOnCopy, RemoveHeadersOnCopy, ); }; };
		9324994325BB84AF007C55C5 /* AudioKitUI.xcframework in Frameworks */ = {isa = PBXBuildFile; fileRef = 9324994025BB84AF007C55C5 /* AudioKitUI.xcframework */; };
		9324994425BB84AF007C55C5 /* AudioKitUI.xcframework in Embed Frameworks */ = {isa = PBXBuildFile; fileRef = 9324994025BB84AF007C55C5 /* AudioKitUI.xcframework */; settings = {ATTRIBUTES = (CodeSignOnCopy, RemoveHeadersOnCopy, ); }; };
		933D9E7C1DBB352E0041373C /* TileView.xib in Resources */ = {isa = PBXBuildFile; fileRef = 933D9E7B1DBB352E0041373C /* TileView.xib */; };
		933D9E7E1DBB35B20041373C /* TileView.swift in Sources */ = {isa = PBXBuildFile; fileRef = 933D9E7D1DBB35B20041373C /* TileView.swift */; };
		934EBAF123DAAD3D0028515E /* TileInterface.swift in Sources */ = {isa = PBXBuildFile; fileRef = 934EBAF023DAAD3D0028515E /* TileInterface.swift */; };
		93E202EB1DB47C7200993CB8 /* Default-568h@2x.png in Resources */ = {isa = PBXBuildFile; fileRef = 93E202EA1DB47C7200993CB8 /* Default-568h@2x.png */; };
		93E202FB1DB47E6100993CB8 /* AppDelegate.swift in Sources */ = {isa = PBXBuildFile; fileRef = 93E202F71DB47E6100993CB8 /* AppDelegate.swift */; };
		93E202FC1DB47E6100993CB8 /* Synthesizer.swift in Sources */ = {isa = PBXBuildFile; fileRef = 93E202F81DB47E6100993CB8 /* Synthesizer.swift */; };
		93E202FD1DB47E6100993CB8 /* UserSettings.swift in Sources */ = {isa = PBXBuildFile; fileRef = 93E202F91DB47E6100993CB8 /* UserSettings.swift */; };
		93E202FE1DB47E6100993CB8 /* ViewController.swift in Sources */ = {isa = PBXBuildFile; fileRef = 93E202FA1DB47E6100993CB8 /* ViewController.swift */; };
		93E203021DB47E8600993CB8 /* Scale.swift in Sources */ = {isa = PBXBuildFile; fileRef = 93E202FF1DB47E8600993CB8 /* Scale.swift */; };
		93E203031DB47E8600993CB8 /* SettingsViewController.swift in Sources */ = {isa = PBXBuildFile; fileRef = 93E203001DB47E8600993CB8 /* SettingsViewController.swift */; };
		93E203041DB47E8600993CB8 /* TransitionManager.swift in Sources */ = {isa = PBXBuildFile; fileRef = 93E203011DB47E8600993CB8 /* TransitionManager.swift */; };
		93E203081DB47EA100993CB8 /* RoundedView.swift in Sources */ = {isa = PBXBuildFile; fileRef = 93E203051DB47EA100993CB8 /* RoundedView.swift */; };
		93E203091DB47EA100993CB8 /* SythSound.swift in Sources */ = {isa = PBXBuildFile; fileRef = 93E203061DB47EA100993CB8 /* SythSound.swift */; };
		93E2030A1DB47EA100993CB8 /* Util.swift in Sources */ = {isa = PBXBuildFile; fileRef = 93E203071DB47EA100993CB8 /* Util.swift */; };
		93E2030C1DB47EE700993CB8 /* Images.xcassets in Resources */ = {isa = PBXBuildFile; fileRef = 93E2030B1DB47EE700993CB8 /* Images.xcassets */; };
		93E203111DB47EEF00993CB8 /* LaunchScreen.xib in Resources */ = {isa = PBXBuildFile; fileRef = 93E2030D1DB47EEF00993CB8 /* LaunchScreen.xib */; };
		93E203121DB47EEF00993CB8 /* Main.storyboard in Resources */ = {isa = PBXBuildFile; fileRef = 93E2030F1DB47EEF00993CB8 /* Main.storyboard */; };
		93E203221DB4828400993CB8 /* PaulaSynthTests.swift in Sources */ = {isa = PBXBuildFile; fileRef = 93E203211DB4828400993CB8 /* PaulaSynthTests.swift */; };
		93EF452A1A92E41800642CFB /* AudioToolbox.framework in Frameworks */ = {isa = PBXBuildFile; fileRef = 93EF45291A92E41800642CFB /* AudioToolbox.framework */; };
		93EF452F1A92E43000642CFB /* CoreAudio.framework in Frameworks */ = {isa = PBXBuildFile; fileRef = 93EF452C1A92E43000642CFB /* CoreAudio.framework */; };
/* End PBXBuildFile section */

/* Begin PBXContainerItemProxy section */
		93E203241DB4828400993CB8 /* PBXContainerItemProxy */ = {
			isa = PBXContainerItemProxy;
			containerPortal = 93462B661A92AF0700EDA809 /* Project object */;
			proxyType = 1;
			remoteGlobalIDString = 93462B6D1A92AF0700EDA809;
			remoteInfo = PaulaSynth;
		};
/* End PBXContainerItemProxy section */

/* Begin PBXCopyFilesBuildPhase section */
		9324994525BB84AF007C55C5 /* Embed Frameworks */ = {
			isa = PBXCopyFilesBuildPhase;
			buildActionMask = 2147483647;
			dstPath = "";
			dstSubfolderSpec = 10;
			files = (
				9324994225BB84AF007C55C5 /* AudioKit.xcframework in Embed Frameworks */,
				9324994425BB84AF007C55C5 /* AudioKitUI.xcframework in Embed Frameworks */,
			);
			name = "Embed Frameworks";
			runOnlyForDeploymentPostprocessing = 0;
		};
/* End PBXCopyFilesBuildPhase section */

/* Begin PBXFileReference section */
		9324993A25BB83BB007C55C5 /* AudioKit */ = {isa = PBXFileReference; lastKnownFileType = folder; name = AudioKit; path = /Users/grant/dev/ios/PaulaSynth/build/PaulaSynth/SourcePackages/checkouts/AudioKit; sourceTree = "<absolute>"; };
		9324993F25BB84AF007C55C5 /* AudioKit.xcframework */ = {isa = PBXFileReference; lastKnownFileType = wrapper.xcframework; name = AudioKit.xcframework; path = ../../../Downloads/AudioKit.xcframework/AudioKit.xcframework; sourceTree = "<group>"; };
		9324994025BB84AF007C55C5 /* AudioKitUI.xcframework */ = {isa = PBXFileReference; lastKnownFileType = wrapper.xcframework; name = AudioKitUI.xcframework; path = ../../../Downloads/AudioKit.xcframework/AudioKitUI.xcframework; sourceTree = "<group>"; };
		933D9E7B1DBB352E0041373C /* TileView.xib */ = {isa = PBXFileReference; fileEncoding = 4; lastKnownFileType = file.xib; name = TileView.xib; path = PaulaSynth/TileView.xib; sourceTree = SOURCE_ROOT; };
		933D9E7D1DBB35B20041373C /* TileView.swift */ = {isa = PBXFileReference; fileEncoding = 4; lastKnownFileType = sourcecode.swift; name = TileView.swift; path = PaulaSynth/TileView.swift; sourceTree = SOURCE_ROOT; };
		93462B6E1A92AF0700EDA809 /* PaulaSynth.app */ = {isa = PBXFileReference; explicitFileType = wrapper.application; includeInIndex = 0; path = PaulaSynth.app; sourceTree = BUILT_PRODUCTS_DIR; };
		934EBAF023DAAD3D0028515E /* TileInterface.swift */ = {isa = PBXFileReference; lastKnownFileType = sourcecode.swift; name = TileInterface.swift; path = PaulaSynth/TileInterface.swift; sourceTree = SOURCE_ROOT; };
		93E202EA1DB47C7200993CB8 /* Default-568h@2x.png */ = {isa = PBXFileReference; lastKnownFileType = image.png; path = "Default-568h@2x.png"; sourceTree = "<group>"; };
		93E202F71DB47E6100993CB8 /* AppDelegate.swift */ = {isa = PBXFileReference; fileEncoding = 4; lastKnownFileType = sourcecode.swift; name = AppDelegate.swift; path = PaulaSynth/AppDelegate.swift; sourceTree = SOURCE_ROOT; };
		93E202F81DB47E6100993CB8 /* Synthesizer.swift */ = {isa = PBXFileReference; fileEncoding = 4; lastKnownFileType = sourcecode.swift; name = Synthesizer.swift; path = PaulaSynth/Synthesizer.swift; sourceTree = SOURCE_ROOT; };
		93E202F91DB47E6100993CB8 /* UserSettings.swift */ = {isa = PBXFileReference; fileEncoding = 4; lastKnownFileType = sourcecode.swift; name = UserSettings.swift; path = PaulaSynth/UserSettings.swift; sourceTree = SOURCE_ROOT; };
		93E202FA1DB47E6100993CB8 /* ViewController.swift */ = {isa = PBXFileReference; fileEncoding = 4; lastKnownFileType = sourcecode.swift; name = ViewController.swift; path = PaulaSynth/ViewController.swift; sourceTree = SOURCE_ROOT; };
		93E202FF1DB47E8600993CB8 /* Scale.swift */ = {isa = PBXFileReference; fileEncoding = 4; lastKnownFileType = sourcecode.swift; name = Scale.swift; path = PaulaSynth/Scale.swift; sourceTree = SOURCE_ROOT; };
		93E203001DB47E8600993CB8 /* SettingsViewController.swift */ = {isa = PBXFileReference; fileEncoding = 4; lastKnownFileType = sourcecode.swift; name = SettingsViewController.swift; path = PaulaSynth/SettingsViewController.swift; sourceTree = SOURCE_ROOT; };
		93E203011DB47E8600993CB8 /* TransitionManager.swift */ = {isa = PBXFileReference; fileEncoding = 4; lastKnownFileType = sourcecode.swift; name = TransitionManager.swift; path = PaulaSynth/TransitionManager.swift; sourceTree = SOURCE_ROOT; };
		93E203051DB47EA100993CB8 /* RoundedView.swift */ = {isa = PBXFileReference; fileEncoding = 4; lastKnownFileType = sourcecode.swift; name = RoundedView.swift; path = PaulaSynth/RoundedView.swift; sourceTree = SOURCE_ROOT; };
		93E203061DB47EA100993CB8 /* SythSound.swift */ = {isa = PBXFileReference; fileEncoding = 4; lastKnownFileType = sourcecode.swift; name = SythSound.swift; path = PaulaSynth/SythSound.swift; sourceTree = SOURCE_ROOT; };
		93E203071DB47EA100993CB8 /* Util.swift */ = {isa = PBXFileReference; fileEncoding = 4; lastKnownFileType = sourcecode.swift; name = Util.swift; path = PaulaSynth/Util.swift; sourceTree = SOURCE_ROOT; };
		93E2030B1DB47EE700993CB8 /* Images.xcassets */ = {isa = PBXFileReference; lastKnownFileType = folder.assetcatalog; name = Images.xcassets; path = PaulaSynth/Images.xcassets; sourceTree = SOURCE_ROOT; };
		93E2030E1DB47EEF00993CB8 /* Base */ = {isa = PBXFileReference; lastKnownFileType = file.xib; name = Base; path = PaulaSynth/Base.lproj/LaunchScreen.xib; sourceTree = SOURCE_ROOT; };
		93E203101DB47EEF00993CB8 /* Base */ = {isa = PBXFileReference; lastKnownFileType = file.storyboard; name = Base; path = PaulaSynth/Base.lproj/Main.storyboard; sourceTree = SOURCE_ROOT; };
		93E203131DB47F2800993CB8 /* Info.plist */ = {isa = PBXFileReference; fileEncoding = 4; lastKnownFileType = text.plist.xml; name = Info.plist; path = PaulaSynth/Info.plist; sourceTree = SOURCE_ROOT; };
		93E2031F1DB4828400993CB8 /* PaulaSynthTests.xctest */ = {isa = PBXFileReference; explicitFileType = wrapper.cfbundle; includeInIndex = 0; path = PaulaSynthTests.xctest; sourceTree = BUILT_PRODUCTS_DIR; };
		93E203211DB4828400993CB8 /* PaulaSynthTests.swift */ = {isa = PBXFileReference; lastKnownFileType = sourcecode.swift; path = PaulaSynthTests.swift; sourceTree = "<group>"; };
		93E203231DB4828400993CB8 /* Info.plist */ = {isa = PBXFileReference; lastKnownFileType = text.plist.xml; path = Info.plist; sourceTree = "<group>"; };
		93EF45291A92E41800642CFB /* AudioToolbox.framework */ = {isa = PBXFileReference; lastKnownFileType = wrapper.framework; name = AudioToolbox.framework; path = System/Library/Frameworks/AudioToolbox.framework; sourceTree = SDKROOT; };
		93EF452C1A92E43000642CFB /* CoreAudio.framework */ = {isa = PBXFileReference; lastKnownFileType = wrapper.framework; name = CoreAudio.framework; path = System/Library/Frameworks/CoreAudio.framework; sourceTree = SDKROOT; };
/* End PBXFileReference section */

/* Begin PBXFrameworksBuildPhase section */
		93462B6B1A92AF0700EDA809 /* Frameworks */ = {
			isa = PBXFrameworksBuildPhase;
			buildActionMask = 2147483647;
			files = (
				9324994125BB84AF007C55C5 /* AudioKit.xcframework in Frameworks */,
				9324994325BB84AF007C55C5 /* AudioKitUI.xcframework in Frameworks */,
				93EF452F1A92E43000642CFB /* CoreAudio.framework in Frameworks */,
				93EF452A1A92E41800642CFB /* AudioToolbox.framework in Frameworks */,
			);
			runOnlyForDeploymentPostprocessing = 0;
		};
		93E2031C1DB4828400993CB8 /* Frameworks */ = {
			isa = PBXFrameworksBuildPhase;
			buildActionMask = 2147483647;
			files = (
			);
			runOnlyForDeploymentPostprocessing = 0;
		};
/* End PBXFrameworksBuildPhase section */

/* Begin PBXGroup section */
		932EFD1E1DA4BFF900E38841 /* Frameworks */ = {
			isa = PBXGroup;
			children = (
				9324993F25BB84AF007C55C5 /* AudioKit.xcframework */,
				9324994025BB84AF007C55C5 /* AudioKitUI.xcframework */,
				93EF452C1A92E43000642CFB /* CoreAudio.framework */,
				9324993A25BB83BB007C55C5 /* AudioKit */,
				93EF45291A92E41800642CFB /* AudioToolbox.framework */,
			);
			name = Frameworks;
			sourceTree = "<group>";
		};
		93462B651A92AF0700EDA809 = {
			isa = PBXGroup;
			children = (
				93E202EA1DB47C7200993CB8 /* Default-568h@2x.png */,
				93E203201DB4828400993CB8 /* PaulaSynthTests */,
				932EFD1E1DA4BFF900E38841 /* Frameworks */,
				93462B701A92AF0700EDA809 /* PaulaSynth */,
				93462B6F1A92AF0700EDA809 /* Products */,
			);
			sourceTree = "<group>";
		};
		93462B6F1A92AF0700EDA809 /* Products */ = {
			isa = PBXGroup;
			children = (
				93462B6E1A92AF0700EDA809 /* PaulaSynth.app */,
				93E2031F1DB4828400993CB8 /* PaulaSynthTests.xctest */,
			);
			name = Products;
			sourceTree = "<group>";
		};
		93462B701A92AF0700EDA809 /* PaulaSynth */ = {
			isa = PBXGroup;
			children = (
				93E2030D1DB47EEF00993CB8 /* LaunchScreen.xib */,
				93E2030F1DB47EEF00993CB8 /* Main.storyboard */,
				933D9E7B1DBB352E0041373C /* TileView.xib */,
				933D9E7D1DBB35B20041373C /* TileView.swift */,
				93E2030B1DB47EE700993CB8 /* Images.xcassets */,
				93E203051DB47EA100993CB8 /* RoundedView.swift */,
				93E203061DB47EA100993CB8 /* SythSound.swift */,
				93E203071DB47EA100993CB8 /* Util.swift */,
				93E202FF1DB47E8600993CB8 /* Scale.swift */,
				93E203001DB47E8600993CB8 /* SettingsViewController.swift */,
				93E203011DB47E8600993CB8 /* TransitionManager.swift */,
				93E202F71DB47E6100993CB8 /* AppDelegate.swift */,
				93E202F81DB47E6100993CB8 /* Synthesizer.swift */,
				93E202F91DB47E6100993CB8 /* UserSettings.swift */,
				93E202FA1DB47E6100993CB8 /* ViewController.swift */,
				93462B711A92AF0700EDA809 /* Supporting Files */,
				934EBAF023DAAD3D0028515E /* TileInterface.swift */,
			);
			name = PaulaSynth;
			path = AudioEngine2;
			sourceTree = "<group>";
		};
		93462B711A92AF0700EDA809 /* Supporting Files */ = {
			isa = PBXGroup;
			children = (
				93E203131DB47F2800993CB8 /* Info.plist */,
			);
			name = "Supporting Files";
			sourceTree = "<group>";
		};
		93E203201DB4828400993CB8 /* PaulaSynthTests */ = {
			isa = PBXGroup;
			children = (
				93E203211DB4828400993CB8 /* PaulaSynthTests.swift */,
				93E203231DB4828400993CB8 /* Info.plist */,
			);
			path = PaulaSynthTests;
			sourceTree = "<group>";
		};
/* End PBXGroup section */

/* Begin PBXNativeTarget section */
		93462B6D1A92AF0700EDA809 /* PaulaSynth */ = {
			isa = PBXNativeTarget;
			buildConfigurationList = 93462B8D1A92AF0700EDA809 /* Build configuration list for PBXNativeTarget "PaulaSynth" */;
			buildPhases = (
				93462B6A1A92AF0700EDA809 /* Sources */,
				93462B6B1A92AF0700EDA809 /* Frameworks */,
				93462B6C1A92AF0700EDA809 /* Resources */,
				9324994525BB84AF007C55C5 /* Embed Frameworks */,
			);
			buildRules = (
			);
			dependencies = (
			);
			name = PaulaSynth;
			packageProductDependencies = (
			);
			productName = AudioEngine2;
			productReference = 93462B6E1A92AF0700EDA809 /* PaulaSynth.app */;
			productType = "com.apple.product-type.application";
		};
		93E2031E1DB4828400993CB8 /* PaulaSynthTests */ = {
			isa = PBXNativeTarget;
			buildConfigurationList = 93E203261DB4828400993CB8 /* Build configuration list for PBXNativeTarget "PaulaSynthTests" */;
			buildPhases = (
				93E2031B1DB4828400993CB8 /* Sources */,
				93E2031C1DB4828400993CB8 /* Frameworks */,
				93E2031D1DB4828400993CB8 /* Resources */,
			);
			buildRules = (
			);
			dependencies = (
				93E203251DB4828400993CB8 /* PBXTargetDependency */,
			);
			name = PaulaSynthTests;
			productName = PaulaSynthTests;
			productReference = 93E2031F1DB4828400993CB8 /* PaulaSynthTests.xctest */;
			productType = "com.apple.product-type.bundle.unit-test";
		};
/* End PBXNativeTarget section */

/* Begin PBXProject section */
		93462B661A92AF0700EDA809 /* Project object */ = {
			isa = PBXProject;
			attributes = {
				LastSwiftMigration = 0730;
				LastSwiftUpdateCheck = 0800;
				LastUpgradeCheck = 1230;
				ORGANIZATIONNAME = "Grant Damron";
				TargetAttributes = {
					93462B6D1A92AF0700EDA809 = {
						CreatedOnToolsVersion = 6.1;
						DevelopmentTeam = J2BGEP96WW;
						LastSwiftMigration = 0800;
					};
					93E2031E1DB4828400993CB8 = {
						CreatedOnToolsVersion = 8.0;
						ProvisioningStyle = Automatic;
						TestTargetID = 93462B6D1A92AF0700EDA809;
					};
				};
			};
			buildConfigurationList = 93462B691A92AF0700EDA809 /* Build configuration list for PBXProject "PaulaSynth" */;
			compatibilityVersion = "Xcode 3.2";
			developmentRegion = en;
			hasScannedForEncodings = 0;
			knownRegions = (
				en,
				Base,
			);
			mainGroup = 93462B651A92AF0700EDA809;
			packageReferences = (
			);
			productRefGroup = 93462B6F1A92AF0700EDA809 /* Products */;
			projectDirPath = "";
			projectRoot = "";
			targets = (
				93462B6D1A92AF0700EDA809 /* PaulaSynth */,
				93E2031E1DB4828400993CB8 /* PaulaSynthTests */,
			);
		};
/* End PBXProject section */

/* Begin PBXResourcesBuildPhase section */
		93462B6C1A92AF0700EDA809 /* Resources */ = {
			isa = PBXResourcesBuildPhase;
			buildActionMask = 2147483647;
			files = (
				93E202EB1DB47C7200993CB8 /* Default-568h@2x.png in Resources */,
				93E203111DB47EEF00993CB8 /* LaunchScreen.xib in Resources */,
				93E2030C1DB47EE700993CB8 /* Images.xcassets in Resources */,
				93E203121DB47EEF00993CB8 /* Main.storyboard in Resources */,
				933D9E7C1DBB352E0041373C /* TileView.xib in Resources */,
			);
			runOnlyForDeploymentPostprocessing = 0;
		};
		93E2031D1DB4828400993CB8 /* Resources */ = {
			isa = PBXResourcesBuildPhase;
			buildActionMask = 2147483647;
			files = (
			);
			runOnlyForDeploymentPostprocessing = 0;
		};
/* End PBXResourcesBuildPhase section */

/* Begin PBXSourcesBuildPhase section */
		93462B6A1A92AF0700EDA809 /* Sources */ = {
			isa = PBXSourcesBuildPhase;
			buildActionMask = 2147483647;
			files = (
				933D9E7E1DBB35B20041373C /* TileView.swift in Sources */,
				93E203091DB47EA100993CB8 /* SythSound.swift in Sources */,
				93E203081DB47EA100993CB8 /* RoundedView.swift in Sources */,
				93E202FC1DB47E6100993CB8 /* Synthesizer.swift in Sources */,
				93E202FD1DB47E6100993CB8 /* UserSettings.swift in Sources */,
				934EBAF123DAAD3D0028515E /* TileInterface.swift in Sources */,
				93E203041DB47E8600993CB8 /* TransitionManager.swift in Sources */,
				93E202FE1DB47E6100993CB8 /* ViewController.swift in Sources */,
				93E203021DB47E8600993CB8 /* Scale.swift in Sources */,
				93E2030A1DB47EA100993CB8 /* Util.swift in Sources */,
				93E202FB1DB47E6100993CB8 /* AppDelegate.swift in Sources */,
				93E203031DB47E8600993CB8 /* SettingsViewController.swift in Sources */,
			);
			runOnlyForDeploymentPostprocessing = 0;
		};
		93E2031B1DB4828400993CB8 /* Sources */ = {
			isa = PBXSourcesBuildPhase;
			buildActionMask = 2147483647;
			files = (
				93E203221DB4828400993CB8 /* PaulaSynthTests.swift in Sources */,
			);
			runOnlyForDeploymentPostprocessing = 0;
		};
/* End PBXSourcesBuildPhase section */

/* Begin PBXTargetDependency section */
		93E203251DB4828400993CB8 /* PBXTargetDependency */ = {
			isa = PBXTargetDependency;
			target = 93462B6D1A92AF0700EDA809 /* PaulaSynth */;
			targetProxy = 93E203241DB4828400993CB8 /* PBXContainerItemProxy */;
		};
/* End PBXTargetDependency section */

/* Begin PBXVariantGroup section */
		93E2030D1DB47EEF00993CB8 /* LaunchScreen.xib */ = {
			isa = PBXVariantGroup;
			children = (
				93E2030E1DB47EEF00993CB8 /* Base */,
			);
			name = LaunchScreen.xib;
			sourceTree = "<group>";
		};
		93E2030F1DB47EEF00993CB8 /* Main.storyboard */ = {
			isa = PBXVariantGroup;
			children = (
				93E203101DB47EEF00993CB8 /* Base */,
			);
			name = Main.storyboard;
			sourceTree = "<group>";
		};
/* End PBXVariantGroup section */

/* Begin XCBuildConfiguration section */
		93462B8B1A92AF0700EDA809 /* Debug */ = {
			isa = XCBuildConfiguration;
			buildSettings = {
				ALWAYS_SEARCH_USER_PATHS = NO;
				CLANG_ANALYZER_LOCALIZABILITY_NONLOCALIZED = YES;
				CLANG_CXX_LANGUAGE_STANDARD = "gnu++0x";
				CLANG_CXX_LIBRARY = "libc++";
				CLANG_ENABLE_MODULES = YES;
				CLANG_ENABLE_OBJC_ARC = YES;
				CLANG_WARN_BLOCK_CAPTURE_AUTORELEASING = YES;
				CLANG_WARN_BOOL_CONVERSION = YES;
				CLANG_WARN_COMMA = YES;
				CLANG_WARN_CONSTANT_CONVERSION = YES;
				CLANG_WARN_DEPRECATED_OBJC_IMPLEMENTATIONS = YES;
				CLANG_WARN_DIRECT_OBJC_ISA_USAGE = YES_ERROR;
				CLANG_WARN_EMPTY_BODY = YES;
				CLANG_WARN_ENUM_CONVERSION = YES;
				CLANG_WARN_INFINITE_RECURSION = YES;
				CLANG_WARN_INT_CONVERSION = YES;
				CLANG_WARN_NON_LITERAL_NULL_CONVERSION = YES;
				CLANG_WARN_OBJC_IMPLICIT_RETAIN_SELF = YES;
				CLANG_WARN_OBJC_LITERAL_CONVERSION = YES;
				CLANG_WARN_OBJC_ROOT_CLASS = YES_ERROR;
				CLANG_WARN_QUOTED_INCLUDE_IN_FRAMEWORK_HEADER = YES;
				CLANG_WARN_RANGE_LOOP_ANALYSIS = YES;
				CLANG_WARN_STRICT_PROTOTYPES = YES;
				CLANG_WARN_SUSPICIOUS_MOVE = YES;
				CLANG_WARN_UNREACHABLE_CODE = YES;
				CLANG_WARN__DUPLICATE_METHOD_MATCH = YES;
				"CODE_SIGN_IDENTITY[sdk=iphoneos*]" = "iPhone Developer";
				COPY_PHASE_STRIP = NO;
				ENABLE_STRICT_OBJC_MSGSEND = YES;
				ENABLE_TESTABILITY = YES;
				GCC_C_LANGUAGE_STANDARD = gnu99;
				GCC_DYNAMIC_NO_PIC = NO;
				GCC_NO_COMMON_BLOCKS = YES;
				GCC_OPTIMIZATION_LEVEL = 0;
				GCC_PREPROCESSOR_DEFINITIONS = (
					"DEBUG=1",
					"$(inherited)",
				);
				GCC_SYMBOLS_PRIVATE_EXTERN = NO;
				GCC_WARN_64_TO_32_BIT_CONVERSION = YES;
				GCC_WARN_ABOUT_RETURN_TYPE = YES_ERROR;
				GCC_WARN_UNDECLARED_SELECTOR = YES;
				GCC_WARN_UNINITIALIZED_AUTOS = YES_AGGRESSIVE;
				GCC_WARN_UNUSED_FUNCTION = YES;
				GCC_WARN_UNUSED_VARIABLE = YES;
				IPHONEOS_DEPLOYMENT_TARGET = 12.0;
				MTL_ENABLE_DEBUG_INFO = YES;
				ONLY_ACTIVE_ARCH = YES;
				SDKROOT = iphoneos;
				SWIFT_OPTIMIZATION_LEVEL = "-Onone";
				TARGETED_DEVICE_FAMILY = "1,2";
			};
			name = Debug;
		};
		93462B8C1A92AF0700EDA809 /* Release */ = {
			isa = XCBuildConfiguration;
			buildSettings = {
				ALWAYS_SEARCH_USER_PATHS = NO;
				CLANG_ANALYZER_LOCALIZABILITY_NONLOCALIZED = YES;
				CLANG_CXX_LANGUAGE_STANDARD = "gnu++0x";
				CLANG_CXX_LIBRARY = "libc++";
				CLANG_ENABLE_MODULES = YES;
				CLANG_ENABLE_OBJC_ARC = YES;
				CLANG_WARN_BLOCK_CAPTURE_AUTORELEASING = YES;
				CLANG_WARN_BOOL_CONVERSION = YES;
				CLANG_WARN_COMMA = YES;
				CLANG_WARN_CONSTANT_CONVERSION = YES;
				CLANG_WARN_DEPRECATED_OBJC_IMPLEMENTATIONS = YES;
				CLANG_WARN_DIRECT_OBJC_ISA_USAGE = YES_ERROR;
				CLANG_WARN_EMPTY_BODY = YES;
				CLANG_WARN_ENUM_CONVERSION = YES;
				CLANG_WARN_INFINITE_RECURSION = YES;
				CLANG_WARN_INT_CONVERSION = YES;
				CLANG_WARN_NON_LITERAL_NULL_CONVERSION = YES;
				CLANG_WARN_OBJC_IMPLICIT_RETAIN_SELF = YES;
				CLANG_WARN_OBJC_LITERAL_CONVERSION = YES;
				CLANG_WARN_OBJC_ROOT_CLASS = YES_ERROR;
				CLANG_WARN_QUOTED_INCLUDE_IN_FRAMEWORK_HEADER = YES;
				CLANG_WARN_RANGE_LOOP_ANALYSIS = YES;
				CLANG_WARN_STRICT_PROTOTYPES = YES;
				CLANG_WARN_SUSPICIOUS_MOVE = YES;
				CLANG_WARN_UNREACHABLE_CODE = YES;
				CLANG_WARN__DUPLICATE_METHOD_MATCH = YES;
				"CODE_SIGN_IDENTITY[sdk=iphoneos*]" = "iPhone Developer";
				COPY_PHASE_STRIP = YES;
				ENABLE_NS_ASSERTIONS = NO;
				ENABLE_STRICT_OBJC_MSGSEND = YES;
				GCC_C_LANGUAGE_STANDARD = gnu99;
				GCC_NO_COMMON_BLOCKS = YES;
				GCC_WARN_64_TO_32_BIT_CONVERSION = YES;
				GCC_WARN_ABOUT_RETURN_TYPE = YES_ERROR;
				GCC_WARN_UNDECLARED_SELECTOR = YES;
				GCC_WARN_UNINITIALIZED_AUTOS = YES_AGGRESSIVE;
				GCC_WARN_UNUSED_FUNCTION = YES;
				GCC_WARN_UNUSED_VARIABLE = YES;
				IPHONEOS_DEPLOYMENT_TARGET = 12.0;
				MTL_ENABLE_DEBUG_INFO = NO;
				SDKROOT = iphoneos;
				SWIFT_COMPILATION_MODE = wholemodule;
				SWIFT_OPTIMIZATION_LEVEL = "-O";
				TARGETED_DEVICE_FAMILY = "1,2";
				VALIDATE_PRODUCT = YES;
			};
			name = Release;
		};
		93462B8E1A92AF0700EDA809 /* Debug */ = {
			isa = XCBuildConfiguration;
			buildSettings = {
				ASSETCATALOG_COMPILER_APPICON_NAME = AppIcon;
				CLANG_ENABLE_MODULES = YES;
				CODE_SIGN_IDENTITY = "iPhone Developer";
				"CODE_SIGN_IDENTITY[sdk=iphoneos*]" = "iPhone Developer";
				FRAMEWORK_SEARCH_PATHS = (
					"$(inherited)",
					"$(PROJECT_DIR)",
					"$(PROJECT_DIR)/PaulaSynth",
				);
				INFOPLIST_FILE = PaulaSynth/Info.plist;
				IPHONEOS_DEPLOYMENT_TARGET = 13.2;
				LD_RUNPATH_SEARCH_PATHS = (
					"$(inherited)",
					"@executable_path/Frameworks",
				);
				OTHER_LDFLAGS = "-lc++";
				PRODUCT_BUNDLE_IDENTIFIER = "com.inomad.$(PRODUCT_NAME:rfc1034identifier)";
				PRODUCT_NAME = "$(TARGET_NAME)";
				PROVISIONING_PROFILE = "";
				SWIFT_OPTIMIZATION_LEVEL = "-Onone";
				SWIFT_VERSION = 5.0;
			};
			name = Debug;
		};
		93462B8F1A92AF0700EDA809 /* Release */ = {
			isa = XCBuildConfiguration;
			buildSettings = {
				ASSETCATALOG_COMPILER_APPICON_NAME = AppIcon;
				CLANG_ENABLE_MODULES = YES;
				CODE_SIGN_IDENTITY = "iPhone Developer";
				"CODE_SIGN_IDENTITY[sdk=iphoneos*]" = "iPhone Developer";
				FRAMEWORK_SEARCH_PATHS = (
					"$(inherited)",
					"$(PROJECT_DIR)",
					"$(PROJECT_DIR)/PaulaSynth",
				);
				INFOPLIST_FILE = PaulaSynth/Info.plist;
				IPHONEOS_DEPLOYMENT_TARGET = 13.2;
				LD_RUNPATH_SEARCH_PATHS = (
					"$(inherited)",
					"@executable_path/Frameworks",
				);
				OTHER_LDFLAGS = "-lc++";
				PRODUCT_BUNDLE_IDENTIFIER = "com.inomad.$(PRODUCT_NAME:rfc1034identifier)";
				PRODUCT_NAME = "$(TARGET_NAME)";
				PROVISIONING_PROFILE = "";
				SWIFT_VERSION = 5.0;
			};
			name = Release;
		};
		93E203271DB4828400993CB8 /* Debug */ = {
			isa = XCBuildConfiguration;
			buildSettings = {
				BUNDLE_LOADER = "$(TEST_HOST)";
				CLANG_ANALYZER_NONNULL = YES;
				CLANG_WARN_DOCUMENTATION_COMMENTS = YES;
				CLANG_WARN_SUSPICIOUS_MOVES = YES;
				DEBUG_INFORMATION_FORMAT = dwarf;
				INFOPLIST_FILE = PaulaSynthTests/Info.plist;
				IPHONEOS_DEPLOYMENT_TARGET = 12.0;
				LD_RUNPATH_SEARCH_PATHS = (
					"$(inherited)",
					"@executable_path/Frameworks",
					"@loader_path/Frameworks",
				);
				PRODUCT_BUNDLE_IDENTIFIER = com.inomad.PaulaSynthTests;
				PRODUCT_NAME = "$(TARGET_NAME)";
				SWIFT_ACTIVE_COMPILATION_CONDITIONS = DEBUG;
				SWIFT_VERSION = 5.0;
				TEST_HOST = "$(BUILT_PRODUCTS_DIR)/PaulaSynth.app/PaulaSynth";
			};
			name = Debug;
		};
		93E203281DB4828400993CB8 /* Release */ = {
			isa = XCBuildConfiguration;
			buildSettings = {
				BUNDLE_LOADER = "$(TEST_HOST)";
				CLANG_ANALYZER_NONNULL = YES;
				CLANG_WARN_DOCUMENTATION_COMMENTS = YES;
				CLANG_WARN_SUSPICIOUS_MOVES = YES;
				COPY_PHASE_STRIP = NO;
				DEBUG_INFORMATION_FORMAT = "dwarf-with-dsym";
				INFOPLIST_FILE = PaulaSynthTests/Info.plist;
				IPHONEOS_DEPLOYMENT_TARGET = 12.0;
				LD_RUNPATH_SEARCH_PATHS = (
					"$(inherited)",
					"@executable_path/Frameworks",
					"@loader_path/Frameworks",
				);
				PRODUCT_BUNDLE_IDENTIFIER = com.inomad.PaulaSynthTests;
				PRODUCT_NAME = "$(TARGET_NAME)";
				SWIFT_VERSION = 5.0;
				TEST_HOST = "$(BUILT_PRODUCTS_DIR)/PaulaSynth.app/PaulaSynth";
			};
			name = Release;
		};
/* End XCBuildConfiguration section */

/* Begin XCConfigurationList section */
		93462B691A92AF0700EDA809 /* Build configuration list for PBXProject "PaulaSynth" */ = {
			isa = XCConfigurationList;
			buildConfigurations = (
				93462B8B1A92AF0700EDA809 /* Debug */,
				93462B8C1A92AF0700EDA809 /* Release */,
			);
			defaultConfigurationIsVisible = 0;
			defaultConfigurationName = Release;
		};
		93462B8D1A92AF0700EDA809 /* Build configuration list for PBXNativeTarget "PaulaSynth" */ = {
			isa = XCConfigurationList;
			buildConfigurations = (
				93462B8E1A92AF0700EDA809 /* Debug */,
				93462B8F1A92AF0700EDA809 /* Release */,
			);
			defaultConfigurationIsVisible = 0;
			defaultConfigurationName = Release;
		};
		93E203261DB4828400993CB8 /* Build configuration list for PBXNativeTarget "PaulaSynthTests" */ = {
			isa = XCConfigurationList;
			buildConfigurations = (
				93E203271DB4828400993CB8 /* Debug */,
				93E203281DB4828400993CB8 /* Release */,
			);
			defaultConfigurationIsVisible = 0;
			defaultConfigurationName = Release;
		};
/* End XCConfigurationList section */
	};
	rootObject = 93462B661A92AF0700EDA809 /* Project object */;
}
